// !$*UTF8*$!
{
	archiveVersion = 1;
	classes = {
	};
	objectVersion = 51;
	objects = {

/* Begin PBXBuildFile section */
		D327FD0B25D6D9E4005FBBBA /* GoogleService-Info.plist in Resources */ = {isa = PBXBuildFile; fileRef = D327FD0A25D6D9E4005FBBBA /* GoogleService-Info.plist */; };
		D327FD0E25D6DB7E005FBBBA /* TextField.swift in Sources */ = {isa = PBXBuildFile; fileRef = D327FD0D25D6DB7E005FBBBA /* TextField.swift */; };
		D33EC90825D6D70500A0F300 /* TextViewContainer.swift in Sources */ = {isa = PBXBuildFile; fileRef = D33EC90725D6D70500A0F300 /* TextViewContainer.swift */; };
		D3D945C025D6C6C40015580F /* AppDelegate.swift in Sources */ = {isa = PBXBuildFile; fileRef = D3D945BF25D6C6C40015580F /* AppDelegate.swift */; };
		D3D945C225D6C6C40015580F /* SceneDelegate.swift in Sources */ = {isa = PBXBuildFile; fileRef = D3D945C125D6C6C40015580F /* SceneDelegate.swift */; };
		D3D945C425D6C6C40015580F /* AddViewController.swift in Sources */ = {isa = PBXBuildFile; fileRef = D3D945C325D6C6C40015580F /* AddViewController.swift */; };
		D3D945C725D6C6C40015580F /* Main.storyboard in Resources */ = {isa = PBXBuildFile; fileRef = D3D945C525D6C6C40015580F /* Main.storyboard */; };
		D3D945C925D6C6C50015580F /* Assets.xcassets in Resources */ = {isa = PBXBuildFile; fileRef = D3D945C825D6C6C50015580F /* Assets.xcassets */; };
		D3D945CC25D6C6C50015580F /* LaunchScreen.storyboard in Resources */ = {isa = PBXBuildFile; fileRef = D3D945CA25D6C6C50015580F /* LaunchScreen.storyboard */; };
		F54BD891D952FC0CF2E3AA5C /* Pods_SampleFirebaseSeminariOS.framework in Frameworks */ = {isa = PBXBuildFile; fileRef = 973EFA0C808E9AB771188690 /* Pods_SampleFirebaseSeminariOS.framework */; };
/* End PBXBuildFile section */

/* Begin PBXFileReference section */
		973EFA0C808E9AB771188690 /* Pods_SampleFirebaseSeminariOS.framework */ = {isa = PBXFileReference; explicitFileType = wrapper.framework; includeInIndex = 0; path = Pods_SampleFirebaseSeminariOS.framework; sourceTree = BUILT_PRODUCTS_DIR; };
		D327FD0A25D6D9E4005FBBBA /* GoogleService-Info.plist */ = {isa = PBXFileReference; fileEncoding = 4; lastKnownFileType = text.plist.xml; path = "GoogleService-Info.plist"; sourceTree = "<group>"; };
		D327FD0D25D6DB7E005FBBBA /* TextField.swift */ = {isa = PBXFileReference; lastKnownFileType = sourcecode.swift; path = TextField.swift; sourceTree = "<group>"; };
		D33EC90725D6D70500A0F300 /* TextViewContainer.swift */ = {isa = PBXFileReference; lastKnownFileType = sourcecode.swift; path = TextViewContainer.swift; sourceTree = "<group>"; };
		D3D945BC25D6C6C40015580F /* SampleFirebaseSeminariOS.app */ = {isa = PBXFileReference; explicitFileType = wrapper.application; includeInIndex = 0; path = SampleFirebaseSeminariOS.app; sourceTree = BUILT_PRODUCTS_DIR; };
		D3D945BF25D6C6C40015580F /* AppDelegate.swift */ = {isa = PBXFileReference; lastKnownFileType = sourcecode.swift; path = AppDelegate.swift; sourceTree = "<group>"; };
		D3D945C125D6C6C40015580F /* SceneDelegate.swift */ = {isa = PBXFileReference; lastKnownFileType = sourcecode.swift; path = SceneDelegate.swift; sourceTree = "<group>"; };
		D3D945C325D6C6C40015580F /* AddViewController.swift */ = {isa = PBXFileReference; lastKnownFileType = sourcecode.swift; path = AddViewController.swift; sourceTree = "<group>"; };
		D3D945C625D6C6C40015580F /* Base */ = {isa = PBXFileReference; lastKnownFileType = file.storyboard; name = Base; path = Base.lproj/Main.storyboard; sourceTree = "<group>"; };
		D3D945C825D6C6C50015580F /* Assets.xcassets */ = {isa = PBXFileReference; lastKnownFileType = folder.assetcatalog; path = Assets.xcassets; sourceTree = "<group>"; };
		D3D945CB25D6C6C50015580F /* Base */ = {isa = PBXFileReference; lastKnownFileType = file.storyboard; name = Base; path = Base.lproj/LaunchScreen.storyboard; sourceTree = "<group>"; };
		D3D945CD25D6C6C50015580F /* Info.plist */ = {isa = PBXFileReference; lastKnownFileType = text.plist.xml; path = Info.plist; sourceTree = "<group>"; };
		EC608D9DBBADFA4D9E4E4752 /* Pods-SampleFirebaseSeminariOS.release.xcconfig */ = {isa = PBXFileReference; includeInIndex = 1; lastKnownFileType = text.xcconfig; name = "Pods-SampleFirebaseSeminariOS.release.xcconfig"; path = "Target Support Files/Pods-SampleFirebaseSeminariOS/Pods-SampleFirebaseSeminariOS.release.xcconfig"; sourceTree = "<group>"; };
		FE24A0F8E031D31A912A6B4D /* Pods-SampleFirebaseSeminariOS.debug.xcconfig */ = {isa = PBXFileReference; includeInIndex = 1; lastKnownFileType = text.xcconfig; name = "Pods-SampleFirebaseSeminariOS.debug.xcconfig"; path = "Target Support Files/Pods-SampleFirebaseSeminariOS/Pods-SampleFirebaseSeminariOS.debug.xcconfig"; sourceTree = "<group>"; };
/* End PBXFileReference section */

/* Begin PBXFrameworksBuildPhase section */
		D3D945B925D6C6C40015580F /* Frameworks */ = {
			isa = PBXFrameworksBuildPhase;
			buildActionMask = 2147483647;
			files = (
				F54BD891D952FC0CF2E3AA5C /* Pods_SampleFirebaseSeminariOS.framework in Frameworks */,
			);
			runOnlyForDeploymentPostprocessing = 0;
		};
/* End PBXFrameworksBuildPhase section */

/* Begin PBXGroup section */
		277C2915B28BF4EADA75E32D /* Frameworks */ = {
			isa = PBXGroup;
			children = (
				973EFA0C808E9AB771188690 /* Pods_SampleFirebaseSeminariOS.framework */,
			);
			name = Frameworks;
			sourceTree = "<group>";
		};
		749425844873417788572877 /* Pods */ = {
			isa = PBXGroup;
			children = (
				FE24A0F8E031D31A912A6B4D /* Pods-SampleFirebaseSeminariOS.debug.xcconfig */,
				EC608D9DBBADFA4D9E4E4752 /* Pods-SampleFirebaseSeminariOS.release.xcconfig */,
			);
			path = Pods;
			sourceTree = "<group>";
		};
		D3D945B325D6C6C40015580F = {
			isa = PBXGroup;
			children = (
				D3D945BE25D6C6C40015580F /* SampleFirebaseSeminariOS */,
				D3D945BD25D6C6C40015580F /* Products */,
				749425844873417788572877 /* Pods */,
				277C2915B28BF4EADA75E32D /* Frameworks */,
			);
			sourceTree = "<group>";
		};
		D3D945BD25D6C6C40015580F /* Products */ = {
			isa = PBXGroup;
			children = (
				D3D945BC25D6C6C40015580F /* SampleFirebaseSeminariOS.app */,
			);
			name = Products;
			sourceTree = "<group>";
		};
		D3D945BE25D6C6C40015580F /* SampleFirebaseSeminariOS */ = {
			isa = PBXGroup;
			children = (
				D327FD0A25D6D9E4005FBBBA /* GoogleService-Info.plist */,
				D3D945CD25D6C6C50015580F /* Info.plist */,
				D3D945C325D6C6C40015580F /* AddViewController.swift */,
				D3D945BF25D6C6C40015580F /* AppDelegate.swift */,
				D3D945C125D6C6C40015580F /* SceneDelegate.swift */,
				D327FD0D25D6DB7E005FBBBA /* TextField.swift */,
				D33EC90725D6D70500A0F300 /* TextViewContainer.swift */,
				D3D945C825D6C6C50015580F /* Assets.xcassets */,
				D3D945CA25D6C6C50015580F /* LaunchScreen.storyboard */,
				D3D945C525D6C6C40015580F /* Main.storyboard */,
			);
			path = SampleFirebaseSeminariOS;
			sourceTree = "<group>";
		};
/* End PBXGroup section */

/* Begin PBXNativeTarget section */
		D3D945BB25D6C6C40015580F /* SampleFirebaseSeminariOS */ = {
			isa = PBXNativeTarget;
			buildConfigurationList = D3D945D025D6C6C50015580F /* Build configuration list for PBXNativeTarget "SampleFirebaseSeminariOS" */;
			buildPhases = (
				E27D54F016ABB4A30CC700B3 /* [CP] Check Pods Manifest.lock */,
				D3D945B825D6C6C40015580F /* Sources */,
				D3D945B925D6C6C40015580F /* Frameworks */,
				D3D945BA25D6C6C40015580F /* Resources */,
				1109198214AFD24A12FD3BE5 /* [CP] Embed Pods Frameworks */,
			);
			buildRules = (
			);
			dependencies = (
			);
			name = SampleFirebaseSeminariOS;
			productName = SampleFirebaseSeminariOS;
			productReference = D3D945BC25D6C6C40015580F /* SampleFirebaseSeminariOS.app */;
			productType = "com.apple.product-type.application";
		};
/* End PBXNativeTarget section */

/* Begin PBXProject section */
		D3D945B425D6C6C40015580F /* Project object */ = {
			isa = PBXProject;
			attributes = {
				LastSwiftUpdateCheck = 1240;
				LastUpgradeCheck = 1240;
				TargetAttributes = {
					D3D945BB25D6C6C40015580F = {
						CreatedOnToolsVersion = 12.4;
					};
				};
			};
			buildConfigurationList = D3D945B725D6C6C40015580F /* Build configuration list for PBXProject "SampleFirebaseSeminariOS" */;
			compatibilityVersion = "Xcode 9.3";
			developmentRegion = en;
			hasScannedForEncodings = 0;
			knownRegions = (
				en,
				Base,
			);
			mainGroup = D3D945B325D6C6C40015580F;
			productRefGroup = D3D945BD25D6C6C40015580F /* Products */;
			projectDirPath = "";
			projectRoot = "";
			targets = (
				D3D945BB25D6C6C40015580F /* SampleFirebaseSeminariOS */,
			);
		};
/* End PBXProject section */

/* Begin PBXResourcesBuildPhase section */
		D3D945BA25D6C6C40015580F /* Resources */ = {
			isa = PBXResourcesBuildPhase;
			buildActionMask = 2147483647;
			files = (
				D3D945CC25D6C6C50015580F /* LaunchScreen.storyboard in Resources */,
				D327FD0B25D6D9E4005FBBBA /* GoogleService-Info.plist in Resources */,
				D3D945C925D6C6C50015580F /* Assets.xcassets in Resources */,
				D3D945C725D6C6C40015580F /* Main.storyboard in Resources */,
			);
			runOnlyForDeploymentPostprocessing = 0;
		};
/* End PBXResourcesBuildPhase section */

/* Begin PBXShellScriptBuildPhase section */
		1109198214AFD24A12FD3BE5 /* [CP] Embed Pods Frameworks */ = {
			isa = PBXShellScriptBuildPhase;
			buildActionMask = 2147483647;
			files = (
			);
			inputFileListPaths = (
				"${PODS_ROOT}/Target Support Files/Pods-SampleFirebaseSeminariOS/Pods-SampleFirebaseSeminariOS-frameworks-${CONFIGURATION}-input-files.xcfilelist",
			);
			name = "[CP] Embed Pods Frameworks";
			outputFileListPaths = (
				"${PODS_ROOT}/Target Support Files/Pods-SampleFirebaseSeminariOS/Pods-SampleFirebaseSeminariOS-frameworks-${CONFIGURATION}-output-files.xcfilelist",
			);
			runOnlyForDeploymentPostprocessing = 0;
			shellPath = /bin/sh;
			shellScript = "\"${PODS_ROOT}/Target Support Files/Pods-SampleFirebaseSeminariOS/Pods-SampleFirebaseSeminariOS-frameworks.sh\"\n";
			showEnvVarsInLog = 0;
		};
		E27D54F016ABB4A30CC700B3 /* [CP] Check Pods Manifest.lock */ = {
			isa = PBXShellScriptBuildPhase;
			buildActionMask = 2147483647;
			files = (
			);
			inputFileListPaths = (
			);
			inputPaths = (
				"${PODS_PODFILE_DIR_PATH}/Podfile.lock",
				"${PODS_ROOT}/Manifest.lock",
			);
			name = "[CP] Check Pods Manifest.lock";
			outputFileListPaths = (
			);
			outputPaths = (
				"$(DERIVED_FILE_DIR)/Pods-SampleFirebaseSeminariOS-checkManifestLockResult.txt",
			);
			runOnlyForDeploymentPostprocessing = 0;
			shellPath = /bin/sh;
			shellScript = "diff \"${PODS_PODFILE_DIR_PATH}/Podfile.lock\" \"${PODS_ROOT}/Manifest.lock\" > /dev/null\nif [ $? != 0 ] ; then\n    # print error to STDERR\n    echo \"error: The sandbox is not in sync with the Podfile.lock. Run 'pod install' or update your CocoaPods installation.\" >&2\n    exit 1\nfi\n# This output is used by Xcode 'outputs' to avoid re-running this script phase.\necho \"SUCCESS\" > \"${SCRIPT_OUTPUT_FILE_0}\"\n";
			showEnvVarsInLog = 0;
		};
/* End PBXShellScriptBuildPhase section */

/* Begin PBXSourcesBuildPhase section */
		D3D945B825D6C6C40015580F /* Sources */ = {
			isa = PBXSourcesBuildPhase;
			buildActionMask = 2147483647;
			files = (
				D3D945C425D6C6C40015580F /* AddViewController.swift in Sources */,
				D3D945C025D6C6C40015580F /* AppDelegate.swift in Sources */,
				D3D945C225D6C6C40015580F /* SceneDelegate.swift in Sources */,
				D327FD0E25D6DB7E005FBBBA /* TextField.swift in Sources */,
				D33EC90825D6D70500A0F300 /* TextViewContainer.swift in Sources */,
			);
			runOnlyForDeploymentPostprocessing = 0;
		};
/* End PBXSourcesBuildPhase section */

/* Begin PBXVariantGroup section */
		D3D945C525D6C6C40015580F /* Main.storyboard */ = {
			isa = PBXVariantGroup;
			children = (
				D3D945C625D6C6C40015580F /* Base */,
			);
			name = Main.storyboard;
			sourceTree = "<group>";
		};
		D3D945CA25D6C6C50015580F /* LaunchScreen.storyboard */ = {
			isa = PBXVariantGroup;
			children = (
				D3D945CB25D6C6C50015580F /* Base */,
			);
			name = LaunchScreen.storyboard;
			sourceTree = "<group>";
		};
/* End PBXVariantGroup section */

/* Begin XCBuildConfiguration section */
		D3D945CE25D6C6C50015580F /* Debug */ = {
			isa = XCBuildConfiguration;
			buildSettings = {
				ALWAYS_SEARCH_USER_PATHS = NO;
				CLANG_ANALYZER_NONNULL = YES;
				CLANG_ANALYZER_NUMBER_OBJECT_CONVERSION = YES_AGGRESSIVE;
				CLANG_CXX_LANGUAGE_STANDARD = "gnu++14";
				CLANG_CXX_LIBRARY = "libc++";
				CLANG_ENABLE_MODULES = YES;
				CLANG_ENABLE_OBJC_ARC = YES;
				CLANG_ENABLE_OBJC_WEAK = YES;
				CLANG_WARN_BLOCK_CAPTURE_AUTORELEASING = YES;
				CLANG_WARN_BOOL_CONVERSION = YES;
				CLANG_WARN_COMMA = YES;
				CLANG_WARN_CONSTANT_CONVERSION = YES;
				CLANG_WARN_DEPRECATED_OBJC_IMPLEMENTATIONS = YES;
				CLANG_WARN_DIRECT_OBJC_ISA_USAGE = YES_ERROR;
				CLANG_WARN_DOCUMENTATION_COMMENTS = YES;
				CLANG_WARN_EMPTY_BODY = YES;
				CLANG_WARN_ENUM_CONVERSION = YES;
				CLANG_WARN_INFINITE_RECURSION = YES;
				CLANG_WARN_INT_CONVERSION = YES;
				CLANG_WARN_NON_LITERAL_NULL_CONVERSION = YES;
				CLANG_WARN_OBJC_IMPLICIT_RETAIN_SELF = YES;
				CLANG_WARN_OBJC_LITERAL_CONVERSION = YES;
				CLANG_WARN_OBJC_ROOT_CLASS = YES_ERROR;
				CLANG_WARN_QUOTED_INCLUDE_IN_FRAMEWORK_HEADER = YES;
				CLANG_WARN_RANGE_LOOP_ANALYSIS = YES;
				CLANG_WARN_STRICT_PROTOTYPES = YES;
				CLANG_WARN_SUSPICIOUS_MOVE = YES;
				CLANG_WARN_UNGUARDED_AVAILABILITY = YES_AGGRESSIVE;
				CLANG_WARN_UNREACHABLE_CODE = YES;
				CLANG_WARN__DUPLICATE_METHOD_MATCH = YES;
				COPY_PHASE_STRIP = NO;
				DEBUG_INFORMATION_FORMAT = dwarf;
				ENABLE_STRICT_OBJC_MSGSEND = YES;
				ENABLE_TESTABILITY = YES;
				GCC_C_LANGUAGE_STANDARD = gnu11;
				GCC_DYNAMIC_NO_PIC = NO;
				GCC_NO_COMMON_BLOCKS = YES;
				GCC_OPTIMIZATION_LEVEL = 0;
				GCC_PREPROCESSOR_DEFINITIONS = (
					"DEBUG=1",
					"$(inherited)",
				);
				GCC_WARN_64_TO_32_BIT_CONVERSION = YES;
				GCC_WARN_ABOUT_RETURN_TYPE = YES_ERROR;
				GCC_WARN_UNDECLARED_SELECTOR = YES;
				GCC_WARN_UNINITIALIZED_AUTOS = YES_AGGRESSIVE;
				GCC_WARN_UNUSED_FUNCTION = YES;
				GCC_WARN_UNUSED_VARIABLE = YES;
				IPHONEOS_DEPLOYMENT_TARGET = 14.4;
				MTL_ENABLE_DEBUG_INFO = INCLUDE_SOURCE;
				MTL_FAST_MATH = YES;
				ONLY_ACTIVE_ARCH = YES;
				SDKROOT = iphoneos;
				SWIFT_ACTIVE_COMPILATION_CONDITIONS = DEBUG;
				SWIFT_OPTIMIZATION_LEVEL = "-Onone";
			};
			name = Debug;
		};
		D3D945CF25D6C6C50015580F /* Release */ = {
			isa = XCBuildConfiguration;
			buildSettings = {
				ALWAYS_SEARCH_USER_PATHS = NO;
				CLANG_ANALYZER_NONNULL = YES;
				CLANG_ANALYZER_NUMBER_OBJECT_CONVERSION = YES_AGGRESSIVE;
				CLANG_CXX_LANGUAGE_STANDARD = "gnu++14";
				CLANG_CXX_LIBRARY = "libc++";
				CLANG_ENABLE_MODULES = YES;
				CLANG_ENABLE_OBJC_ARC = YES;
				CLANG_ENABLE_OBJC_WEAK = YES;
				CLANG_WARN_BLOCK_CAPTURE_AUTORELEASING = YES;
				CLANG_WARN_BOOL_CONVERSION = YES;
				CLANG_WARN_COMMA = YES;
				CLANG_WARN_CONSTANT_CONVERSION = YES;
				CLANG_WARN_DEPRECATED_OBJC_IMPLEMENTATIONS = YES;
				CLANG_WARN_DIRECT_OBJC_ISA_USAGE = YES_ERROR;
				CLANG_WARN_DOCUMENTATION_COMMENTS = YES;
				CLANG_WARN_EMPTY_BODY = YES;
				CLANG_WARN_ENUM_CONVERSION = YES;
				CLANG_WARN_INFINITE_RECURSION = YES;
				CLANG_WARN_INT_CONVERSION = YES;
				CLANG_WARN_NON_LITERAL_NULL_CONVERSION = YES;
				CLANG_WARN_OBJC_IMPLICIT_RETAIN_SELF = YES;
				CLANG_WARN_OBJC_LITERAL_CONVERSION = YES;
				CLANG_WARN_OBJC_ROOT_CLASS = YES_ERROR;
				CLANG_WARN_QUOTED_INCLUDE_IN_FRAMEWORK_HEADER = YES;
				CLANG_WARN_RANGE_LOOP_ANALYSIS = YES;
				CLANG_WARN_STRICT_PROTOTYPES = YES;
				CLANG_WARN_SUSPICIOUS_MOVE = YES;
				CLANG_WARN_UNGUARDED_AVAILABILITY = YES_AGGRESSIVE;
				CLANG_WARN_UNREACHABLE_CODE = YES;
				CLANG_WARN__DUPLICATE_METHOD_MATCH = YES;
				COPY_PHASE_STRIP = NO;
				DEBUG_INFORMATION_FORMAT = "dwarf-with-dsym";
				ENABLE_NS_ASSERTIONS = NO;
				ENABLE_STRICT_OBJC_MSGSEND = YES;
				GCC_C_LANGUAGE_STANDARD = gnu11;
				GCC_NO_COMMON_BLOCKS = YES;
				GCC_WARN_64_TO_32_BIT_CONVERSION = YES;
				GCC_WARN_ABOUT_RETURN_TYPE = YES_ERROR;
				GCC_WARN_UNDECLARED_SELECTOR = YES;
				GCC_WARN_UNINITIALIZED_AUTOS = YES_AGGRESSIVE;
				GCC_WARN_UNUSED_FUNCTION = YES;
				GCC_WARN_UNUSED_VARIABLE = YES;
				IPHONEOS_DEPLOYMENT_TARGET = 14.4;
				MTL_ENABLE_DEBUG_INFO = NO;
				MTL_FAST_MATH = YES;
				SDKROOT = iphoneos;
				SWIFT_COMPILATION_MODE = wholemodule;
				SWIFT_OPTIMIZATION_LEVEL = "-O";
				VALIDATE_PRODUCT = YES;
			};
			name = Release;
		};
		D3D945D125D6C6C50015580F /* Debug */ = {
			isa = XCBuildConfiguration;
			baseConfigurationReference = FE24A0F8E031D31A912A6B4D /* Pods-SampleFirebaseSeminariOS.debug.xcconfig */;
			buildSettings = {
				ASSETCATALOG_COMPILER_APPICON_NAME = AppIcon;
				ASSETCATALOG_COMPILER_GLOBAL_ACCENT_COLOR_NAME = AccentColor;
				CODE_SIGN_STYLE = Automatic;
				DEVELOPMENT_TEAM = 2X6AD4W323;
				INFOPLIST_FILE = SampleFirebaseSeminariOS/Info.plist;
				IPHONEOS_DEPLOYMENT_TARGET = 13.0;
				LD_RUNPATH_SEARCH_PATHS = (
					"$(inherited)",
					"@executable_path/Frameworks",
				);
				PRODUCT_BUNDLE_IDENTIFIER = dev.fummicc1.lit.SampleFirebaseSeminariOS;
				PRODUCT_NAME = "$(TARGET_NAME)";
				SWIFT_VERSION = 5.0;
				TARGETED_DEVICE_FAMILY = "1,2";
			};
			name = Debug;
		};
		D3D945D225D6C6C50015580F /* Release */ = {
			isa = XCBuildConfiguration;
			baseConfigurationReference = EC608D9DBBADFA4D9E4E4752 /* Pods-SampleFirebaseSeminariOS.release.xcconfig */;
			buildSettings = {
				ASSETCATALOG_COMPILER_APPICON_NAME = AppIcon;
				ASSETCATALOG_COMPILER_GLOBAL_ACCENT_COLOR_NAME = AccentColor;
				CODE_SIGN_STYLE = Automatic;
				DEVELOPMENT_TEAM = 2X6AD4W323;
				INFOPLIST_FILE = SampleFirebaseSeminariOS/Info.plist;
				IPHONEOS_DEPLOYMENT_TARGET = 13.0;
				LD_RUNPATH_SEARCH_PATHS = (
					"$(inherited)",
					"@executable_path/Frameworks",
				);
				PRODUCT_BUNDLE_IDENTIFIER = dev.fummicc1.lit.SampleFirebaseSeminariOS;
				PRODUCT_NAME = "$(TARGET_NAME)";
				SWIFT_VERSION = 5.0;
				TARGETED_DEVICE_FAMILY = "1,2";
			};
			name = Release;
		};
/* End XCBuildConfiguration section */

/* Begin XCConfigurationList section */
		D3D945B725D6C6C40015580F /* Build configuration list for PBXProject "SampleFirebaseSeminariOS" */ = {
			isa = XCConfigurationList;
			buildConfigurations = (
				D3D945CE25D6C6C50015580F /* Debug */,
				D3D945CF25D6C6C50015580F /* Release */,
			);
			defaultConfigurationIsVisible = 0;
			defaultConfigurationName = Release;
		};
		D3D945D025D6C6C50015580F /* Build configuration list for PBXNativeTarget "SampleFirebaseSeminariOS" */ = {
			isa = XCConfigurationList;
			buildConfigurations = (
				D3D945D125D6C6C50015580F /* Debug */,
				D3D945D225D6C6C50015580F /* Release */,
			);
			defaultConfigurationIsVisible = 0;
			defaultConfigurationName = Release;
		};
/* End XCConfigurationList section */
	};
	rootObject = D3D945B425D6C6C40015580F /* Project object */;
}
